PODS:
  - AWSCognito (2.4.9):
    - AWSCore (= 2.4.9)
  - AWSCore (2.4.9)
  - AWSLambda (2.4.9):
    - AWSCore (= 2.4.9)
  - DNTimeAndDay (0.1.5)
  - GoogleMaps (2.0.1):
    - GoogleMaps/Maps (= 2.0.1)
  - GoogleMaps/Base (2.0.1)
  - GoogleMaps/Maps (2.0.1):
    - GoogleMaps/Base (= 2.0.1)

DEPENDENCIES:
  - AWSCognito
  - AWSLambda
  - DNTimeAndDay
  - GoogleMaps

SPEC CHECKSUMS:
  AWSCognito: 4fa9fefcadae1d8425b01cbde27d564c21e3fd35
  AWSCore: 175208358b95492e0ebe0337df2ab415300bddac
  AWSLambda: 5cfb825a83acbfd6b62a6cf109f9c73896f5cc7a
  DNTimeAndDay: ce9adb6186b06411554d99e688a7c82665f6b1ef
  GoogleMaps: f09da64fc987c1aa29394567c3cab5a3df83c402

PODFILE CHECKSUM: bb340d121708a1a7cff5469e45259165589e94c5

COCOAPODS: 1.0.1
