// !$*UTF8*$!
{
	archiveVersion = 1;
	classes = {
	};
	objectVersion = 46;
	objects = {

/* Begin PBXBuildFile section */
		02CE19DCA1FC4EAFF0121FD9 /* Pods_SwoopParkingApp_SwoopParkingAppUITests.framework in Frameworks */ = {isa = PBXBuildFile; fileRef = B3512D27EDCE99472AD5056D /* Pods_SwoopParkingApp_SwoopParkingAppUITests.framework */; };
		09D0806F89ADB3D8D4CC230F /* Pods_SwoopParkingAppUITests.framework in Frameworks */ = {isa = PBXBuildFile; fileRef = 1074173E5BE2093E3F1E1EB0 /* Pods_SwoopParkingAppUITests.framework */; };
		5F8E383E6A4CD84A9FF4A457 /* Pods_SwoopParkingAppTests.framework in Frameworks */ = {isa = PBXBuildFile; fileRef = 9FB96FFC95D26B9CFD94AF39 /* Pods_SwoopParkingAppTests.framework */; };
		63D1C4EB52AFB020182655BB /* Pods_SwoopParkingApp.framework in Frameworks */ = {isa = PBXBuildFile; fileRef = 56327B640CD4999BE162E2BD /* Pods_SwoopParkingApp.framework */; };
		7E9C68AEC5731BA07C0694B1 /* Pods_SwoopParkingApp_SwoopParkingAppTests.framework in Frameworks */ = {isa = PBXBuildFile; fileRef = 0A4CDD12969DFC2F72241164 /* Pods_SwoopParkingApp_SwoopParkingAppTests.framework */; };
		9C04E2741D93FC6A0012EAE0 /* SPProtocols.swift in Sources */ = {isa = PBXBuildFile; fileRef = 9C04E2731D93FC6A0012EAE0 /* SPProtocols.swift */; };
		9C04E2811D948C520012EAE0 /* FMDatabase.m in Sources */ = {isa = PBXBuildFile; fileRef = 9C04E2771D948C520012EAE0 /* FMDatabase.m */; };
		9C04E2821D948C520012EAE0 /* FMDatabaseAdditions.m in Sources */ = {isa = PBXBuildFile; fileRef = 9C04E2791D948C520012EAE0 /* FMDatabaseAdditions.m */; };
		9C04E2831D948C520012EAE0 /* FMDatabasePool.m in Sources */ = {isa = PBXBuildFile; fileRef = 9C04E27B1D948C520012EAE0 /* FMDatabasePool.m */; };
		9C04E2841D948C520012EAE0 /* FMDatabaseQueue.m in Sources */ = {isa = PBXBuildFile; fileRef = 9C04E27D1D948C520012EAE0 /* FMDatabaseQueue.m */; };
		9C04E2851D948C520012EAE0 /* FMResultSet.m in Sources */ = {isa = PBXBuildFile; fileRef = 9C04E2801D948C520012EAE0 /* FMResultSet.m */; };
		9C14BA751DA1D1E200441E84 /* TimeAndDayExtensionUnitTest.swift in Sources */ = {isa = PBXBuildFile; fileRef = 9C14BA741DA1D1E200441E84 /* TimeAndDayExtensionUnitTest.swift */; };
		9C14BA791DA2A4B800441E84 /* Quick.framework in Frameworks */ = {isa = PBXBuildFile; fileRef = 9C14BA781DA2A4B800441E84 /* Quick.framework */; };
		9C14BA7B1DA2A4BC00441E84 /* Nimble.framework in Frameworks */ = {isa = PBXBuildFile; fileRef = 9C14BA7A1DA2A4BC00441E84 /* Nimble.framework */; };
		9C14BA7D1DA2A4C400441E84 /* Nimble.framework in Frameworks */ = {isa = PBXBuildFile; fileRef = 9C14BA7C1DA2A4C400441E84 /* Nimble.framework */; };
		9C14BA7F1DA2A4C700441E84 /* Quick.framework in Frameworks */ = {isa = PBXBuildFile; fileRef = 9C14BA7E1DA2A4C700441E84 /* Quick.framework */; };
		9C170D321DAD325D006CA0E2 /* swoop-sqlite-no-FTS.db in Resources */ = {isa = PBXBuildFile; fileRef = 9C170D311DAD325D006CA0E2 /* swoop-sqlite-no-FTS.db */; };
		9C1A86C71DA5517E00DAD930 /* SPMainViewController.swift in Sources */ = {isa = PBXBuildFile; fileRef = 9C1A86C61DA5517E00DAD930 /* SPMainViewController.swift */; };
		9C1A86C81DA586C900DAD930 /* Main.storyboard in Resources */ = {isa = PBXBuildFile; fileRef = 9C1A86CA1DA586C900DAD930 /* Main.storyboard */; };
		9C1CA59F1DA8125B00EB875F /* SPSignInfoOverlay.xib in Resources */ = {isa = PBXBuildFile; fileRef = 9C1CA59E1DA8125B00EB875F /* SPSignInfoOverlay.xib */; };
		9C1CA5A11DA8130D00EB875F /* SPSignInfoOverlay.swift in Sources */ = {isa = PBXBuildFile; fileRef = 9C1CA5A01DA8130D00EB875F /* SPSignInfoOverlay.swift */; };
		9C1CA5A31DA83FB800EB875F /* SPGoogleNetworkingObject.swift in Sources */ = {isa = PBXBuildFile; fileRef = 9C1CA5A21DA83FB800EB875F /* SPGoogleNetworkingObject.swift */; };
		9C215D9C1D6652D9006C1E3E /* SPTimeAndDayViewController.swift in Sources */ = {isa = PBXBuildFile; fileRef = 9C215D9B1D6652D9006C1E3E /* SPTimeAndDayViewController.swift */; };
		9C42DAB31D5A589E004ECA97 /* SPDataAccessObject.swift in Sources */ = {isa = PBXBuildFile; fileRef = 9C42DAB21D5A589E004ECA97 /* SPDataAccessObject.swift */; };
		9C431BAC1DE4C1E1000B9C66 /* How it works.pdf in Resources */ = {isa = PBXBuildFile; fileRef = 9C431BA81DE4C1E1000B9C66 /* How it works.pdf */; };
		9C431BAD1DE4C1E1000B9C66 /* Parking holidays.pdf in Resources */ = {isa = PBXBuildFile; fileRef = 9C431BA91DE4C1E1000B9C66 /* Parking holidays.pdf */; };
		9C431BAE1DE4C1E1000B9C66 /* Parking tips.pdf in Resources */ = {isa = PBXBuildFile; fileRef = 9C431BAA1DE4C1E1000B9C66 /* Parking tips.pdf */; };
		9C431BB41DEFACFC000B9C66 /* Disclaimer.pdf in Resources */ = {isa = PBXBuildFile; fileRef = 9C431BB31DEFACFC000B9C66 /* Disclaimer.pdf */; };
		9C4503031DD8D6420047B708 /* comesinhandy.ttf in Resources */ = {isa = PBXBuildFile; fileRef = 9C4503021DD8D6420047B708 /* comesinhandy.ttf */; };
		9C4503081DD936D60047B708 /* MoreViewController.swift in Sources */ = {isa = PBXBuildFile; fileRef = 9C4503071DD936D60047B708 /* MoreViewController.swift */; };
		9C45030B1DDA1AE70047B708 /* ViewExtensions.swift in Sources */ = {isa = PBXBuildFile; fileRef = 9C45030A1DDA1AE70047B708 /* ViewExtensions.swift */; };
		9C45031E1DDA3FAC0047B708 /* WebViewController.swift in Sources */ = {isa = PBXBuildFile; fileRef = 9C45031D1DDA3FAC0047B708 /* WebViewController.swift */; };
		9C4DCF531D6E01F30060EEBF /* SPSignAndLocation.swift in Sources */ = {isa = PBXBuildFile; fileRef = 9C4DCF521D6E01F30060EEBF /* SPSignAndLocation.swift */; };
		9C5279C81CEB62B900AF88FF /* SPQuickGCD.swift in Sources */ = {isa = PBXBuildFile; fileRef = 9C5279C71CEB62B900AF88FF /* SPQuickGCD.swift */; };
		9C617EF51D51BF5100FFA51A /* SPTileLayerManager.swift in Sources */ = {isa = PBXBuildFile; fileRef = 9C617EF41D51BF5100FFA51A /* SPTileLayerManager.swift */; };
		9C61F0B11D7496DC00BA524C /* SPGoogleNetworking.swift in Sources */ = {isa = PBXBuildFile; fileRef = 9C61F0B01D7496DB00BA524C /* SPGoogleNetworking.swift */; };
		9C61F0B51D7608CC00BA524C /* SPSearchResultsViewController.swift in Sources */ = {isa = PBXBuildFile; fileRef = 9C61F0B41D7608CC00BA524C /* SPSearchResultsViewController.swift */; };
		9C6A8D5D1DDABA180030545F /* StoreKit.framework in Frameworks */ = {isa = PBXBuildFile; fileRef = 9C6A8D5C1DDABA180030545F /* StoreKit.framework */; };
		9C96EE901D625EC4007C4EC8 /* SPViewControllerExtension.swift in Sources */ = {isa = PBXBuildFile; fileRef = 9C96EE8F1D625EC4007C4EC8 /* SPViewControllerExtension.swift */; };
		9C9D62791E24DEA20019261E /* CityAndStreetToolbar.swift in Sources */ = {isa = PBXBuildFile; fileRef = 9C9D62781E24DEA10019261E /* CityAndStreetToolbar.swift */; };
		9CA64D9B1DD7821E0015A8F2 /* InjectableViewController.swift in Sources */ = {isa = PBXBuildFile; fileRef = 9CA64D9A1DD7821E0015A8F2 /* InjectableViewController.swift */; };
		9CA7DDC11D57EAB50050B75D /* LFHeatMap-dummy.m in Sources */ = {isa = PBXBuildFile; fileRef = 9CA7DDBC1D57EAB50050B75D /* LFHeatMap-dummy.m */; };
		9CA7DDC21D57EAB50050B75D /* LFHeatMap.m in Sources */ = {isa = PBXBuildFile; fileRef = 9CA7DDBF1D57EAB50050B75D /* LFHeatMap.m */; };
		9CA7DDC51D590BEF0050B75D /* SPGroundOverlayManager.swift in Sources */ = {isa = PBXBuildFile; fileRef = 9CA7DDC41D590BEF0050B75D /* SPGroundOverlayManager.swift */; };
		9CBBB4681D5CD19D00AE1511 /* SPTimeAndDay.swift in Sources */ = {isa = PBXBuildFile; fileRef = 9CBBB4671D5CD19D00AE1511 /* SPTimeAndDay.swift */; };
		9CBE25BB1D552BD500B5384B /* SPSQLiteReader.swift in Sources */ = {isa = PBXBuildFile; fileRef = 9CBE25BA1D552BD500B5384B /* SPSQLiteReader.swift */; };
		9CBE25CF1D552C2800B5384B /* libsqlite3.0.tbd in Frameworks */ = {isa = PBXBuildFile; fileRef = 9CBE25CE1D552C2800B5384B /* libsqlite3.0.tbd */; };
		9CBE25D21D554F3300B5384B /* libsqlite3.0.tbd in Frameworks */ = {isa = PBXBuildFile; fileRef = 9CBE25CE1D552C2800B5384B /* libsqlite3.0.tbd */; };
		9CC46A101D26C26500AC0717 /* AWSCore.framework in Frameworks */ = {isa = PBXBuildFile; fileRef = 9CC46A0E1D26C26500AC0717 /* AWSCore.framework */; };
		9CC46A111D26C26500AC0717 /* AWSLambda.framework in Frameworks */ = {isa = PBXBuildFile; fileRef = 9CC46A0F1D26C26500AC0717 /* AWSLambda.framework */; };
		9CC46A131D2EAFE500AC0717 /* SPLambdaManager.swift in Sources */ = {isa = PBXBuildFile; fileRef = 9CC46A121D2EAFE500AC0717 /* SPLambdaManager.swift */; };
		9CD51DC91CE24662006B741D /* SPSignAndLocationParser.swift in Sources */ = {isa = PBXBuildFile; fileRef = 9CD51DC81CE24662006B741D /* SPSignAndLocationParser.swift */; };
		9CFEE37A1CDA6D7900CE5D53 /* AppDelegate.swift in Sources */ = {isa = PBXBuildFile; fileRef = 9CFEE3791CDA6D7900CE5D53 /* AppDelegate.swift */; };
		9CFEE37C1CDA6D7900CE5D53 /* SPMapViewController.swift in Sources */ = {isa = PBXBuildFile; fileRef = 9CFEE37B1CDA6D7900CE5D53 /* SPMapViewController.swift */; };
		9CFEE3811CDA6D7A00CE5D53 /* Assets.xcassets in Resources */ = {isa = PBXBuildFile; fileRef = 9CFEE3801CDA6D7A00CE5D53 /* Assets.xcassets */; };
		9CFEE3841CDA6D7A00CE5D53 /* LaunchScreen.storyboard in Resources */ = {isa = PBXBuildFile; fileRef = 9CFEE3821CDA6D7A00CE5D53 /* LaunchScreen.storyboard */; };
		9CFEE38F1CDA6D7A00CE5D53 /* SwoopParkingAppTests.swift in Sources */ = {isa = PBXBuildFile; fileRef = 9CFEE38E1CDA6D7A00CE5D53 /* SwoopParkingAppTests.swift */; };
		9CFEE39A1CDA6D7A00CE5D53 /* SwoopParkingAppUITests.swift in Sources */ = {isa = PBXBuildFile; fileRef = 9CFEE3991CDA6D7A00CE5D53 /* SwoopParkingAppUITests.swift */; };
		9CFEE3A81CDA6E6600CE5D53 /* SPConstants.swift in Sources */ = {isa = PBXBuildFile; fileRef = 9CFEE3A71CDA6E6600CE5D53 /* SPConstants.swift */; };
		9CFEE3E91CDC140E00CE5D53 /* CoreLocation.framework in Frameworks */ = {isa = PBXBuildFile; fileRef = 9CFEE3E81CDC140E00CE5D53 /* CoreLocation.framework */; };
		9CFF46E71D501FBE00504407 /* SPPolylineManager.swift in Sources */ = {isa = PBXBuildFile; fileRef = 9CFF46E61D501FBE00504407 /* SPPolylineManager.swift */; };
/* End PBXBuildFile section */

/* Begin PBXContainerItemProxy section */
		9CFEE38B1CDA6D7A00CE5D53 /* PBXContainerItemProxy */ = {
			isa = PBXContainerItemProxy;
			containerPortal = 9CFEE36E1CDA6D7900CE5D53 /* Project object */;
			proxyType = 1;
			remoteGlobalIDString = 9CFEE3751CDA6D7900CE5D53;
			remoteInfo = SwoopParkingApp;
		};
		9CFEE3961CDA6D7A00CE5D53 /* PBXContainerItemProxy */ = {
			isa = PBXContainerItemProxy;
			containerPortal = 9CFEE36E1CDA6D7900CE5D53 /* Project object */;
			proxyType = 1;
			remoteGlobalIDString = 9CFEE3751CDA6D7900CE5D53;
			remoteInfo = SwoopParkingApp;
		};
/* End PBXContainerItemProxy section */

/* Begin PBXCopyFilesBuildPhase section */
		9CEC19771D77EA38006AEAB0 /* Embed App Extensions */ = {
			isa = PBXCopyFilesBuildPhase;
			buildActionMask = 2147483647;
			dstPath = "";
			dstSubfolderSpec = 13;
			files = (
			);
			name = "Embed App Extensions";
			runOnlyForDeploymentPostprocessing = 0;
		};
/* End PBXCopyFilesBuildPhase section */

/* Begin PBXFileReference section */
		0A4CDD12969DFC2F72241164 /* Pods_SwoopParkingApp_SwoopParkingAppTests.framework */ = {isa = PBXFileReference; explicitFileType = wrapper.framework; includeInIndex = 0; path = Pods_SwoopParkingApp_SwoopParkingAppTests.framework; sourceTree = BUILT_PRODUCTS_DIR; };
		0BB2DB28D5EC5A132C12ED1D /* Pods-SwoopParkingAppTests.release.xcconfig */ = {isa = PBXFileReference; includeInIndex = 1; lastKnownFileType = text.xcconfig; name = "Pods-SwoopParkingAppTests.release.xcconfig"; path = "Pods/Target Support Files/Pods-SwoopParkingAppTests/Pods-SwoopParkingAppTests.release.xcconfig"; sourceTree = "<group>"; };
		1074173E5BE2093E3F1E1EB0 /* Pods_SwoopParkingAppUITests.framework */ = {isa = PBXFileReference; explicitFileType = wrapper.framework; includeInIndex = 0; path = Pods_SwoopParkingAppUITests.framework; sourceTree = BUILT_PRODUCTS_DIR; };
		275068638EFFDB3EA45AA9D7 /* Pods-SwoopParkingApp-SwoopParkingAppTests.debug.xcconfig */ = {isa = PBXFileReference; includeInIndex = 1; lastKnownFileType = text.xcconfig; name = "Pods-SwoopParkingApp-SwoopParkingAppTests.debug.xcconfig"; path = "Pods/Target Support Files/Pods-SwoopParkingApp-SwoopParkingAppTests/Pods-SwoopParkingApp-SwoopParkingAppTests.debug.xcconfig"; sourceTree = "<group>"; };
		417B93AEFD2458765145BA97 /* Pods-SwoopParkingApp.release.xcconfig */ = {isa = PBXFileReference; includeInIndex = 1; lastKnownFileType = text.xcconfig; name = "Pods-SwoopParkingApp.release.xcconfig"; path = "Pods/Target Support Files/Pods-SwoopParkingApp/Pods-SwoopParkingApp.release.xcconfig"; sourceTree = "<group>"; };
		493A407845E760BF7943A19C /* Pods-SwoopParkingApp-SwoopParkingAppUITests.release.xcconfig */ = {isa = PBXFileReference; includeInIndex = 1; lastKnownFileType = text.xcconfig; name = "Pods-SwoopParkingApp-SwoopParkingAppUITests.release.xcconfig"; path = "Pods/Target Support Files/Pods-SwoopParkingApp-SwoopParkingAppUITests/Pods-SwoopParkingApp-SwoopParkingAppUITests.release.xcconfig"; sourceTree = "<group>"; };
		56327B640CD4999BE162E2BD /* Pods_SwoopParkingApp.framework */ = {isa = PBXFileReference; explicitFileType = wrapper.framework; includeInIndex = 0; path = Pods_SwoopParkingApp.framework; sourceTree = BUILT_PRODUCTS_DIR; };
		5ACFCA4B78275422A004D327 /* Pods-SwoopParkingApp.debug.xcconfig */ = {isa = PBXFileReference; includeInIndex = 1; lastKnownFileType = text.xcconfig; name = "Pods-SwoopParkingApp.debug.xcconfig"; path = "Pods/Target Support Files/Pods-SwoopParkingApp/Pods-SwoopParkingApp.debug.xcconfig"; sourceTree = "<group>"; };
		5F09458C3C36D37C0F51E155 /* Pods-SwoopParkingAppUITests.release.xcconfig */ = {isa = PBXFileReference; includeInIndex = 1; lastKnownFileType = text.xcconfig; name = "Pods-SwoopParkingAppUITests.release.xcconfig"; path = "Pods/Target Support Files/Pods-SwoopParkingAppUITests/Pods-SwoopParkingAppUITests.release.xcconfig"; sourceTree = "<group>"; };
		686B84607C58A7620706F44B /* Pods-SwoopParkingApp-SwoopParkingAppUITests.debug.xcconfig */ = {isa = PBXFileReference; includeInIndex = 1; lastKnownFileType = text.xcconfig; name = "Pods-SwoopParkingApp-SwoopParkingAppUITests.debug.xcconfig"; path = "Pods/Target Support Files/Pods-SwoopParkingApp-SwoopParkingAppUITests/Pods-SwoopParkingApp-SwoopParkingAppUITests.debug.xcconfig"; sourceTree = "<group>"; };
		7D66304EE792B30A96F1D040 /* Pods-SwoopParkingAppTests.debug.xcconfig */ = {isa = PBXFileReference; includeInIndex = 1; lastKnownFileType = text.xcconfig; name = "Pods-SwoopParkingAppTests.debug.xcconfig"; path = "Pods/Target Support Files/Pods-SwoopParkingAppTests/Pods-SwoopParkingAppTests.debug.xcconfig"; sourceTree = "<group>"; };
		8DD17FCDFEF8590FE3084C2F /* Pods-SwoopParkingAppUITests.debug.xcconfig */ = {isa = PBXFileReference; includeInIndex = 1; lastKnownFileType = text.xcconfig; name = "Pods-SwoopParkingAppUITests.debug.xcconfig"; path = "Pods/Target Support Files/Pods-SwoopParkingAppUITests/Pods-SwoopParkingAppUITests.debug.xcconfig"; sourceTree = "<group>"; };
		9C04E2731D93FC6A0012EAE0 /* SPProtocols.swift */ = {isa = PBXFileReference; fileEncoding = 4; lastKnownFileType = sourcecode.swift; path = SPProtocols.swift; sourceTree = "<group>"; };
		9C04E2761D948C520012EAE0 /* FMDatabase.h */ = {isa = PBXFileReference; fileEncoding = 4; lastKnownFileType = sourcecode.c.h; path = FMDatabase.h; sourceTree = "<group>"; };
		9C04E2771D948C520012EAE0 /* FMDatabase.m */ = {isa = PBXFileReference; fileEncoding = 4; lastKnownFileType = sourcecode.c.objc; path = FMDatabase.m; sourceTree = "<group>"; };
		9C04E2781D948C520012EAE0 /* FMDatabaseAdditions.h */ = {isa = PBXFileReference; fileEncoding = 4; lastKnownFileType = sourcecode.c.h; path = FMDatabaseAdditions.h; sourceTree = "<group>"; };
		9C04E2791D948C520012EAE0 /* FMDatabaseAdditions.m */ = {isa = PBXFileReference; fileEncoding = 4; lastKnownFileType = sourcecode.c.objc; path = FMDatabaseAdditions.m; sourceTree = "<group>"; };
		9C04E27A1D948C520012EAE0 /* FMDatabasePool.h */ = {isa = PBXFileReference; fileEncoding = 4; lastKnownFileType = sourcecode.c.h; path = FMDatabasePool.h; sourceTree = "<group>"; };
		9C04E27B1D948C520012EAE0 /* FMDatabasePool.m */ = {isa = PBXFileReference; fileEncoding = 4; lastKnownFileType = sourcecode.c.objc; path = FMDatabasePool.m; sourceTree = "<group>"; };
		9C04E27C1D948C520012EAE0 /* FMDatabaseQueue.h */ = {isa = PBXFileReference; fileEncoding = 4; lastKnownFileType = sourcecode.c.h; path = FMDatabaseQueue.h; sourceTree = "<group>"; };
		9C04E27D1D948C520012EAE0 /* FMDatabaseQueue.m */ = {isa = PBXFileReference; fileEncoding = 4; lastKnownFileType = sourcecode.c.objc; path = FMDatabaseQueue.m; sourceTree = "<group>"; };
		9C04E27E1D948C520012EAE0 /* FMDB.h */ = {isa = PBXFileReference; fileEncoding = 4; lastKnownFileType = sourcecode.c.h; path = FMDB.h; sourceTree = "<group>"; };
		9C04E27F1D948C520012EAE0 /* FMResultSet.h */ = {isa = PBXFileReference; fileEncoding = 4; lastKnownFileType = sourcecode.c.h; path = FMResultSet.h; sourceTree = "<group>"; };
		9C04E2801D948C520012EAE0 /* FMResultSet.m */ = {isa = PBXFileReference; fileEncoding = 4; lastKnownFileType = sourcecode.c.objc; path = FMResultSet.m; sourceTree = "<group>"; };
		9C14BA741DA1D1E200441E84 /* TimeAndDayExtensionUnitTest.swift */ = {isa = PBXFileReference; fileEncoding = 4; lastKnownFileType = sourcecode.swift; path = TimeAndDayExtensionUnitTest.swift; sourceTree = "<group>"; };
		9C14BA781DA2A4B800441E84 /* Quick.framework */ = {isa = PBXFileReference; lastKnownFileType = wrapper.framework; name = Quick.framework; path = "Pods/../build/Debug-iphoneos/Quick/Quick.framework"; sourceTree = "<group>"; };
		9C14BA7A1DA2A4BC00441E84 /* Nimble.framework */ = {isa = PBXFileReference; lastKnownFileType = wrapper.framework; name = Nimble.framework; path = "Pods/../build/Debug-iphoneos/Nimble/Nimble.framework"; sourceTree = "<group>"; };
		9C14BA7C1DA2A4C400441E84 /* Nimble.framework */ = {isa = PBXFileReference; lastKnownFileType = wrapper.framework; name = Nimble.framework; path = "Pods/../build/Debug-iphoneos/Nimble/Nimble.framework"; sourceTree = "<group>"; };
		9C14BA7E1DA2A4C700441E84 /* Quick.framework */ = {isa = PBXFileReference; lastKnownFileType = wrapper.framework; name = Quick.framework; path = "Pods/../build/Debug-iphoneos/Quick/Quick.framework"; sourceTree = "<group>"; };
		9C170D311DAD325D006CA0E2 /* swoop-sqlite-no-FTS.db */ = {isa = PBXFileReference; lastKnownFileType = file; path = "swoop-sqlite-no-FTS.db"; sourceTree = "<group>"; };
		9C1A86C61DA5517E00DAD930 /* SPMainViewController.swift */ = {isa = PBXFileReference; fileEncoding = 4; lastKnownFileType = sourcecode.swift; path = SPMainViewController.swift; sourceTree = "<group>"; };
		9C1A86CB1DA5872000DAD930 /* Base */ = {isa = PBXFileReference; lastKnownFileType = file.storyboard; name = Base; path = Base.lproj/Main.storyboard; sourceTree = "<group>"; };
		9C1CA59E1DA8125B00EB875F /* SPSignInfoOverlay.xib */ = {isa = PBXFileReference; fileEncoding = 4; lastKnownFileType = file.xib; path = SPSignInfoOverlay.xib; sourceTree = "<group>"; };
		9C1CA5A01DA8130D00EB875F /* SPSignInfoOverlay.swift */ = {isa = PBXFileReference; fileEncoding = 4; lastKnownFileType = sourcecode.swift; path = SPSignInfoOverlay.swift; sourceTree = "<group>"; };
		9C1CA5A21DA83FB800EB875F /* SPGoogleNetworkingObject.swift */ = {isa = PBXFileReference; fileEncoding = 4; lastKnownFileType = sourcecode.swift; path = SPGoogleNetworkingObject.swift; sourceTree = "<group>"; };
		9C215D9B1D6652D9006C1E3E /* SPTimeAndDayViewController.swift */ = {isa = PBXFileReference; fileEncoding = 4; lastKnownFileType = sourcecode.swift; path = SPTimeAndDayViewController.swift; sourceTree = "<group>"; };
		9C42DAB21D5A589E004ECA97 /* SPDataAccessObject.swift */ = {isa = PBXFileReference; fileEncoding = 4; lastKnownFileType = sourcecode.swift; path = SPDataAccessObject.swift; sourceTree = "<group>"; };
		9C431BA81DE4C1E1000B9C66 /* How it works.pdf */ = {isa = PBXFileReference; lastKnownFileType = image.pdf; path = "How it works.pdf"; sourceTree = "<group>"; };
		9C431BA91DE4C1E1000B9C66 /* Parking holidays.pdf */ = {isa = PBXFileReference; lastKnownFileType = image.pdf; path = "Parking holidays.pdf"; sourceTree = "<group>"; };
		9C431BAA1DE4C1E1000B9C66 /* Parking tips.pdf */ = {isa = PBXFileReference; lastKnownFileType = image.pdf; path = "Parking tips.pdf"; sourceTree = "<group>"; };
		9C431BB31DEFACFC000B9C66 /* Disclaimer.pdf */ = {isa = PBXFileReference; lastKnownFileType = image.pdf; path = Disclaimer.pdf; sourceTree = "<group>"; };
		9C4503021DD8D6420047B708 /* comesinhandy.ttf */ = {isa = PBXFileReference; lastKnownFileType = file; path = comesinhandy.ttf; sourceTree = "<group>"; };
		9C4503071DD936D60047B708 /* MoreViewController.swift */ = {isa = PBXFileReference; fileEncoding = 4; lastKnownFileType = sourcecode.swift; path = MoreViewController.swift; sourceTree = "<group>"; };
		9C45030A1DDA1AE70047B708 /* ViewExtensions.swift */ = {isa = PBXFileReference; fileEncoding = 4; lastKnownFileType = sourcecode.swift; path = ViewExtensions.swift; sourceTree = "<group>"; };
		9C45031D1DDA3FAC0047B708 /* WebViewController.swift */ = {isa = PBXFileReference; fileEncoding = 4; lastKnownFileType = sourcecode.swift; path = WebViewController.swift; sourceTree = "<group>"; };
		9C4DCF521D6E01F30060EEBF /* SPSignAndLocation.swift */ = {isa = PBXFileReference; fileEncoding = 4; lastKnownFileType = sourcecode.swift; path = SPSignAndLocation.swift; sourceTree = "<group>"; };
		9C5279C71CEB62B900AF88FF /* SPQuickGCD.swift */ = {isa = PBXFileReference; fileEncoding = 4; lastKnownFileType = sourcecode.swift; path = SPQuickGCD.swift; sourceTree = "<group>"; };
		9C617EF41D51BF5100FFA51A /* SPTileLayerManager.swift */ = {isa = PBXFileReference; fileEncoding = 4; lastKnownFileType = sourcecode.swift; path = SPTileLayerManager.swift; sourceTree = "<group>"; };
		9C61F0B01D7496DB00BA524C /* SPGoogleNetworking.swift */ = {isa = PBXFileReference; fileEncoding = 4; lastKnownFileType = sourcecode.swift; path = SPGoogleNetworking.swift; sourceTree = "<group>"; };
		9C61F0B41D7608CC00BA524C /* SPSearchResultsViewController.swift */ = {isa = PBXFileReference; fileEncoding = 4; lastKnownFileType = sourcecode.swift; path = SPSearchResultsViewController.swift; sourceTree = "<group>"; };
		9C6A8D5C1DDABA180030545F /* StoreKit.framework */ = {isa = PBXFileReference; lastKnownFileType = wrapper.framework; name = StoreKit.framework; path = System/Library/Frameworks/StoreKit.framework; sourceTree = SDKROOT; };
		9C96EE8F1D625EC4007C4EC8 /* SPViewControllerExtension.swift */ = {isa = PBXFileReference; fileEncoding = 4; lastKnownFileType = sourcecode.swift; path = SPViewControllerExtension.swift; sourceTree = "<group>"; };
		9C9D62781E24DEA10019261E /* CityAndStreetToolbar.swift */ = {isa = PBXFileReference; fileEncoding = 4; lastKnownFileType = sourcecode.swift; path = CityAndStreetToolbar.swift; sourceTree = "<group>"; };
		9CA64D9A1DD7821E0015A8F2 /* InjectableViewController.swift */ = {isa = PBXFileReference; fileEncoding = 4; lastKnownFileType = sourcecode.swift; path = InjectableViewController.swift; sourceTree = "<group>"; };
		9CA7DDBC1D57EAB50050B75D /* LFHeatMap-dummy.m */ = {isa = PBXFileReference; fileEncoding = 4; lastKnownFileType = sourcecode.c.objc; path = "LFHeatMap-dummy.m"; sourceTree = "<group>"; };
		9CA7DDBD1D57EAB50050B75D /* LFHeatMap-umbrella.h */ = {isa = PBXFileReference; fileEncoding = 4; lastKnownFileType = sourcecode.c.h; path = "LFHeatMap-umbrella.h"; sourceTree = "<group>"; };
		9CA7DDBE1D57EAB50050B75D /* LFHeatMap.h */ = {isa = PBXFileReference; fileEncoding = 4; lastKnownFileType = sourcecode.c.h; path = LFHeatMap.h; sourceTree = "<group>"; };
		9CA7DDBF1D57EAB50050B75D /* LFHeatMap.m */ = {isa = PBXFileReference; fileEncoding = 4; lastKnownFileType = sourcecode.c.objc; path = LFHeatMap.m; sourceTree = "<group>"; };
		9CA7DDC01D57EAB50050B75D /* LFHeatMap.modulemap */ = {isa = PBXFileReference; fileEncoding = 4; lastKnownFileType = "sourcecode.module-map"; path = LFHeatMap.modulemap; sourceTree = "<group>"; };
		9CA7DDC41D590BEF0050B75D /* SPGroundOverlayManager.swift */ = {isa = PBXFileReference; fileEncoding = 4; lastKnownFileType = sourcecode.swift; path = SPGroundOverlayManager.swift; sourceTree = "<group>"; };
		9CBBB4671D5CD19D00AE1511 /* SPTimeAndDay.swift */ = {isa = PBXFileReference; fileEncoding = 4; lastKnownFileType = sourcecode.swift; path = SPTimeAndDay.swift; sourceTree = "<group>"; };
		9CBE25BA1D552BD500B5384B /* SPSQLiteReader.swift */ = {isa = PBXFileReference; fileEncoding = 4; lastKnownFileType = sourcecode.swift; path = SPSQLiteReader.swift; sourceTree = "<group>"; };
		9CBE25BC1D552BFA00B5384B /* SwoopParkingApp-Bridging-Header.h */ = {isa = PBXFileReference; lastKnownFileType = sourcecode.c.h; path = "SwoopParkingApp-Bridging-Header.h"; sourceTree = "<group>"; };
		9CBE25CE1D552C2800B5384B /* libsqlite3.0.tbd */ = {isa = PBXFileReference; lastKnownFileType = "sourcecode.text-based-dylib-definition"; name = libsqlite3.0.tbd; path = usr/lib/libsqlite3.0.tbd; sourceTree = SDKROOT; };
		9CC46A0A1D26C18B00AC0717 /* libAWSCore.a */ = {isa = PBXFileReference; lastKnownFileType = archive.ar; name = libAWSCore.a; path = "Pods/../build/Debug-iphoneos/AWSCore/libAWSCore.a"; sourceTree = "<group>"; };
		9CC46A0B1D26C18B00AC0717 /* libAWSLambda.a */ = {isa = PBXFileReference; lastKnownFileType = archive.ar; name = libAWSLambda.a; path = "Pods/../build/Debug-iphoneos/AWSLambda/libAWSLambda.a"; sourceTree = "<group>"; };
		9CC46A0E1D26C26500AC0717 /* AWSCore.framework */ = {isa = PBXFileReference; lastKnownFileType = wrapper.framework; name = AWSCore.framework; path = "Pods/../build/Debug-iphoneos/AWSCore/AWSCore.framework"; sourceTree = "<group>"; };
		9CC46A0F1D26C26500AC0717 /* AWSLambda.framework */ = {isa = PBXFileReference; lastKnownFileType = wrapper.framework; name = AWSLambda.framework; path = "Pods/../build/Debug-iphoneos/AWSLambda/AWSLambda.framework"; sourceTree = "<group>"; };
		9CC46A121D2EAFE500AC0717 /* SPLambdaManager.swift */ = {isa = PBXFileReference; fileEncoding = 4; lastKnownFileType = sourcecode.swift; path = SPLambdaManager.swift; sourceTree = "<group>"; };
		9CD51DC81CE24662006B741D /* SPSignAndLocationParser.swift */ = {isa = PBXFileReference; fileEncoding = 4; lastKnownFileType = sourcecode.swift; path = SPSignAndLocationParser.swift; sourceTree = "<group>"; };
		9CEC196E1D77EA37006AEAB0 /* KeyboardViewController.swift */ = {isa = PBXFileReference; lastKnownFileType = sourcecode.swift; path = KeyboardViewController.swift; sourceTree = "<group>"; };
		9CEC19701D77EA37006AEAB0 /* Info.plist */ = {isa = PBXFileReference; lastKnownFileType = text.plist.xml; path = Info.plist; sourceTree = "<group>"; };
		9CFEE3761CDA6D7900CE5D53 /* Swoop!.app */ = {isa = PBXFileReference; explicitFileType = wrapper.application; includeInIndex = 0; path = "Swoop!.app"; sourceTree = BUILT_PRODUCTS_DIR; };
		9CFEE3791CDA6D7900CE5D53 /* AppDelegate.swift */ = {isa = PBXFileReference; lastKnownFileType = sourcecode.swift; path = AppDelegate.swift; sourceTree = "<group>"; };
		9CFEE37B1CDA6D7900CE5D53 /* SPMapViewController.swift */ = {isa = PBXFileReference; lastKnownFileType = sourcecode.swift; path = SPMapViewController.swift; sourceTree = "<group>"; };
		9CFEE3801CDA6D7A00CE5D53 /* Assets.xcassets */ = {isa = PBXFileReference; lastKnownFileType = folder.assetcatalog; path = Assets.xcassets; sourceTree = "<group>"; };
		9CFEE3831CDA6D7A00CE5D53 /* Base */ = {isa = PBXFileReference; lastKnownFileType = file.storyboard; name = Base; path = Base.lproj/LaunchScreen.storyboard; sourceTree = "<group>"; };
		9CFEE3851CDA6D7A00CE5D53 /* Info.plist */ = {isa = PBXFileReference; lastKnownFileType = text.plist.xml; path = Info.plist; sourceTree = "<group>"; };
		9CFEE38A1CDA6D7A00CE5D53 /* SwoopParkingAppTests.xctest */ = {isa = PBXFileReference; explicitFileType = wrapper.cfbundle; includeInIndex = 0; path = SwoopParkingAppTests.xctest; sourceTree = BUILT_PRODUCTS_DIR; };
		9CFEE38E1CDA6D7A00CE5D53 /* SwoopParkingAppTests.swift */ = {isa = PBXFileReference; lastKnownFileType = sourcecode.swift; path = SwoopParkingAppTests.swift; sourceTree = "<group>"; };
		9CFEE3901CDA6D7A00CE5D53 /* Info.plist */ = {isa = PBXFileReference; lastKnownFileType = text.plist.xml; path = Info.plist; sourceTree = "<group>"; };
		9CFEE3951CDA6D7A00CE5D53 /* SwoopParkingAppUITests.xctest */ = {isa = PBXFileReference; explicitFileType = wrapper.cfbundle; includeInIndex = 0; path = SwoopParkingAppUITests.xctest; sourceTree = BUILT_PRODUCTS_DIR; };
		9CFEE3991CDA6D7A00CE5D53 /* SwoopParkingAppUITests.swift */ = {isa = PBXFileReference; lastKnownFileType = sourcecode.swift; path = SwoopParkingAppUITests.swift; sourceTree = "<group>"; };
		9CFEE39B1CDA6D7A00CE5D53 /* Info.plist */ = {isa = PBXFileReference; lastKnownFileType = text.plist.xml; path = Info.plist; sourceTree = "<group>"; };
		9CFEE3A71CDA6E6600CE5D53 /* SPConstants.swift */ = {isa = PBXFileReference; fileEncoding = 4; lastKnownFileType = sourcecode.swift; path = SPConstants.swift; sourceTree = "<group>"; };
		9CFEE3E81CDC140E00CE5D53 /* CoreLocation.framework */ = {isa = PBXFileReference; lastKnownFileType = wrapper.framework; name = CoreLocation.framework; path = System/Library/Frameworks/CoreLocation.framework; sourceTree = SDKROOT; };
		9CFF46E61D501FBE00504407 /* SPPolylineManager.swift */ = {isa = PBXFileReference; fileEncoding = 4; lastKnownFileType = sourcecode.swift; path = SPPolylineManager.swift; sourceTree = "<group>"; };
		9FB96FFC95D26B9CFD94AF39 /* Pods_SwoopParkingAppTests.framework */ = {isa = PBXFileReference; explicitFileType = wrapper.framework; includeInIndex = 0; path = Pods_SwoopParkingAppTests.framework; sourceTree = BUILT_PRODUCTS_DIR; };
		B27F9778AD8C9190B8B1AE0E /* Pods-SwoopParkingApp-SwoopParkingAppTests.release.xcconfig */ = {isa = PBXFileReference; includeInIndex = 1; lastKnownFileType = text.xcconfig; name = "Pods-SwoopParkingApp-SwoopParkingAppTests.release.xcconfig"; path = "Pods/Target Support Files/Pods-SwoopParkingApp-SwoopParkingAppTests/Pods-SwoopParkingApp-SwoopParkingAppTests.release.xcconfig"; sourceTree = "<group>"; };
		B3512D27EDCE99472AD5056D /* Pods_SwoopParkingApp_SwoopParkingAppUITests.framework */ = {isa = PBXFileReference; explicitFileType = wrapper.framework; includeInIndex = 0; path = Pods_SwoopParkingApp_SwoopParkingAppUITests.framework; sourceTree = BUILT_PRODUCTS_DIR; };
/* End PBXFileReference section */

/* Begin PBXFrameworksBuildPhase section */
		9CFEE3731CDA6D7900CE5D53 /* Frameworks */ = {
			isa = PBXFrameworksBuildPhase;
			buildActionMask = 2147483647;
			files = (
				9CBE25D21D554F3300B5384B /* libsqlite3.0.tbd in Frameworks */,
				9CC46A101D26C26500AC0717 /* AWSCore.framework in Frameworks */,
				9CC46A111D26C26500AC0717 /* AWSLambda.framework in Frameworks */,
				9C6A8D5D1DDABA180030545F /* StoreKit.framework in Frameworks */,
				9CFEE3E91CDC140E00CE5D53 /* CoreLocation.framework in Frameworks */,
				63D1C4EB52AFB020182655BB /* Pods_SwoopParkingApp.framework in Frameworks */,
			);
			runOnlyForDeploymentPostprocessing = 0;
		};
		9CFEE3871CDA6D7A00CE5D53 /* Frameworks */ = {
			isa = PBXFrameworksBuildPhase;
			buildActionMask = 2147483647;
			files = (
				9C14BA7B1DA2A4BC00441E84 /* Nimble.framework in Frameworks */,
				9C14BA791DA2A4B800441E84 /* Quick.framework in Frameworks */,
				7E9C68AEC5731BA07C0694B1 /* Pods_SwoopParkingApp_SwoopParkingAppTests.framework in Frameworks */,
				5F8E383E6A4CD84A9FF4A457 /* Pods_SwoopParkingAppTests.framework in Frameworks */,
			);
			runOnlyForDeploymentPostprocessing = 0;
		};
		9CFEE3921CDA6D7A00CE5D53 /* Frameworks */ = {
			isa = PBXFrameworksBuildPhase;
			buildActionMask = 2147483647;
			files = (
				9C14BA7F1DA2A4C700441E84 /* Quick.framework in Frameworks */,
				9C14BA7D1DA2A4C400441E84 /* Nimble.framework in Frameworks */,
				9CBE25CF1D552C2800B5384B /* libsqlite3.0.tbd in Frameworks */,
				02CE19DCA1FC4EAFF0121FD9 /* Pods_SwoopParkingApp_SwoopParkingAppUITests.framework in Frameworks */,
				09D0806F89ADB3D8D4CC230F /* Pods_SwoopParkingAppUITests.framework in Frameworks */,
			);
			runOnlyForDeploymentPostprocessing = 0;
		};
/* End PBXFrameworksBuildPhase section */

/* Begin PBXGroup section */
		02FD136995ED7A2E0F6ECFA1 /* Frameworks */ = {
			isa = PBXGroup;
			children = (
				9C6A8D5C1DDABA180030545F /* StoreKit.framework */,
				9C14BA7E1DA2A4C700441E84 /* Quick.framework */,
				9C14BA7C1DA2A4C400441E84 /* Nimble.framework */,
				9C14BA7A1DA2A4BC00441E84 /* Nimble.framework */,
				9C14BA781DA2A4B800441E84 /* Quick.framework */,
				9CBE25CE1D552C2800B5384B /* libsqlite3.0.tbd */,
				9CC46A0E1D26C26500AC0717 /* AWSCore.framework */,
				9CC46A0F1D26C26500AC0717 /* AWSLambda.framework */,
				9CC46A0A1D26C18B00AC0717 /* libAWSCore.a */,
				9CC46A0B1D26C18B00AC0717 /* libAWSLambda.a */,
				9CFEE3E81CDC140E00CE5D53 /* CoreLocation.framework */,
				56327B640CD4999BE162E2BD /* Pods_SwoopParkingApp.framework */,
				0A4CDD12969DFC2F72241164 /* Pods_SwoopParkingApp_SwoopParkingAppTests.framework */,
				B3512D27EDCE99472AD5056D /* Pods_SwoopParkingApp_SwoopParkingAppUITests.framework */,
				9FB96FFC95D26B9CFD94AF39 /* Pods_SwoopParkingAppTests.framework */,
				1074173E5BE2093E3F1E1EB0 /* Pods_SwoopParkingAppUITests.framework */,
			);
			name = Frameworks;
			sourceTree = "<group>";
		};
		8C2F48E909083423E5DE808A /* Pods */ = {
			isa = PBXGroup;
			children = (
				5ACFCA4B78275422A004D327 /* Pods-SwoopParkingApp.debug.xcconfig */,
				417B93AEFD2458765145BA97 /* Pods-SwoopParkingApp.release.xcconfig */,
				275068638EFFDB3EA45AA9D7 /* Pods-SwoopParkingApp-SwoopParkingAppTests.debug.xcconfig */,
				B27F9778AD8C9190B8B1AE0E /* Pods-SwoopParkingApp-SwoopParkingAppTests.release.xcconfig */,
				686B84607C58A7620706F44B /* Pods-SwoopParkingApp-SwoopParkingAppUITests.debug.xcconfig */,
				493A407845E760BF7943A19C /* Pods-SwoopParkingApp-SwoopParkingAppUITests.release.xcconfig */,
				7D66304EE792B30A96F1D040 /* Pods-SwoopParkingAppTests.debug.xcconfig */,
				0BB2DB28D5EC5A132C12ED1D /* Pods-SwoopParkingAppTests.release.xcconfig */,
				8DD17FCDFEF8590FE3084C2F /* Pods-SwoopParkingAppUITests.debug.xcconfig */,
				5F09458C3C36D37C0F51E155 /* Pods-SwoopParkingAppUITests.release.xcconfig */,
			);
			name = Pods;
			sourceTree = "<group>";
		};
		9C04E2711D9028540012EAE0 /* DataAccessLayer */ = {
			isa = PBXGroup;
			children = (
				9C42DAB21D5A589E004ECA97 /* SPDataAccessObject.swift */,
				9C04E2721D9028680012EAE0 /* Local */,
				9C61F0AF1D7496C100BA524C /* Networking */,
			);
			name = DataAccessLayer;
			sourceTree = "<group>";
		};
		9C04E2721D9028680012EAE0 /* Local */ = {
			isa = PBXGroup;
			children = (
				9CBE25BA1D552BD500B5384B /* SPSQLiteReader.swift */,
			);
			name = Local;
			sourceTree = "<group>";
		};
		9C04E2751D948C520012EAE0 /* FMDB */ = {
			isa = PBXGroup;
			children = (
				9C04E2761D948C520012EAE0 /* FMDatabase.h */,
				9C04E2771D948C520012EAE0 /* FMDatabase.m */,
				9C04E2781D948C520012EAE0 /* FMDatabaseAdditions.h */,
				9C04E2791D948C520012EAE0 /* FMDatabaseAdditions.m */,
				9C04E27A1D948C520012EAE0 /* FMDatabasePool.h */,
				9C04E27B1D948C520012EAE0 /* FMDatabasePool.m */,
				9C04E27C1D948C520012EAE0 /* FMDatabaseQueue.h */,
				9C04E27D1D948C520012EAE0 /* FMDatabaseQueue.m */,
				9C04E27E1D948C520012EAE0 /* FMDB.h */,
				9C04E27F1D948C520012EAE0 /* FMResultSet.h */,
				9C04E2801D948C520012EAE0 /* FMResultSet.m */,
			);
			name = FMDB;
			path = LFHeatMap/fmdb;
			sourceTree = "<group>";
		};
		9C42DAB41D5A6A37004ECA97 /* Controller */ = {
			isa = PBXGroup;
			children = (
				9C4503061DD936150047B708 /* Settings */,
				9C4503051DD9360D0047B708 /* Map */,
			);
			name = Controller;
			sourceTree = "<group>";
		};
		9C42DAB51D5A6A47004ECA97 /* Views */ = {
			isa = PBXGroup;
			children = (
				9CFF46E61D501FBE00504407 /* SPPolylineManager.swift */,
				9C617EF41D51BF5100FFA51A /* SPTileLayerManager.swift */,
				9CA7DDC41D590BEF0050B75D /* SPGroundOverlayManager.swift */,
				9C1CA59E1DA8125B00EB875F /* SPSignInfoOverlay.xib */,
				9C1CA5A01DA8130D00EB875F /* SPSignInfoOverlay.swift */,
			);
			name = Views;
			sourceTree = "<group>";
		};
		9C42DAB61D5A6A63004ECA97 /* Model */ = {
			isa = PBXGroup;
			children = (
				9CD51DC81CE24662006B741D /* SPSignAndLocationParser.swift */,
				9C4DCF521D6E01F30060EEBF /* SPSignAndLocation.swift */,
				9CBBB4671D5CD19D00AE1511 /* SPTimeAndDay.swift */,
				9C1CA5A21DA83FB800EB875F /* SPGoogleNetworkingObject.swift */,
			);
			name = Model;
			sourceTree = "<group>";
		};
		9C4503041DD8D6480047B708 /* Resources */ = {
			isa = PBXGroup;
			children = (
				9C170D311DAD325D006CA0E2 /* swoop-sqlite-no-FTS.db */,
				9C4503021DD8D6420047B708 /* comesinhandy.ttf */,
			);
			name = Resources;
			sourceTree = "<group>";
		};
		9C4503051DD9360D0047B708 /* Map */ = {
			isa = PBXGroup;
			children = (
				9C1A86C61DA5517E00DAD930 /* SPMainViewController.swift */,
				9CFEE37B1CDA6D7900CE5D53 /* SPMapViewController.swift */,
				9C215D9B1D6652D9006C1E3E /* SPTimeAndDayViewController.swift */,
				9C61F0B41D7608CC00BA524C /* SPSearchResultsViewController.swift */,
				9C96EE8F1D625EC4007C4EC8 /* SPViewControllerExtension.swift */,
				9C9D62781E24DEA10019261E /* CityAndStreetToolbar.swift */,
				9CA64D9A1DD7821E0015A8F2 /* InjectableViewController.swift */,
			);
			name = Map;
			sourceTree = "<group>";
		};
		9C4503061DD936150047B708 /* Settings */ = {
			isa = PBXGroup;
			children = (
				9C4503071DD936D60047B708 /* MoreViewController.swift */,
				9C45030A1DDA1AE70047B708 /* ViewExtensions.swift */,
				9C45031D1DDA3FAC0047B708 /* WebViewController.swift */,
			);
			name = Settings;
			sourceTree = "<group>";
		};
		9C45030C1DDA390F0047B708 /* ParkingGuidelines */ = {
			isa = PBXGroup;
			children = (
				9C431BB31DEFACFC000B9C66 /* Disclaimer.pdf */,
				9C431BA81DE4C1E1000B9C66 /* How it works.pdf */,
				9C431BA91DE4C1E1000B9C66 /* Parking holidays.pdf */,
				9C431BAA1DE4C1E1000B9C66 /* Parking tips.pdf */,
			);
			name = ParkingGuidelines;
			sourceTree = "<group>";
		};
		9C61F0AF1D7496C100BA524C /* Networking */ = {
			isa = PBXGroup;
			children = (
				9C61F0B01D7496DB00BA524C /* SPGoogleNetworking.swift */,
				9CC46A121D2EAFE500AC0717 /* SPLambdaManager.swift */,
			);
			name = Networking;
			sourceTree = "<group>";
		};
		9CA7DDBB1D57EAB50050B75D /* LFHeatMap */ = {
			isa = PBXGroup;
			children = (
				9CA7DDBC1D57EAB50050B75D /* LFHeatMap-dummy.m */,
				9CA7DDBD1D57EAB50050B75D /* LFHeatMap-umbrella.h */,
				9CA7DDBE1D57EAB50050B75D /* LFHeatMap.h */,
				9CA7DDBF1D57EAB50050B75D /* LFHeatMap.m */,
				9CA7DDC01D57EAB50050B75D /* LFHeatMap.modulemap */,
			);
			path = LFHeatMap;
			sourceTree = "<group>";
		};
		9CA7DDC31D57EAC90050B75D /* ObjC Header files */ = {
			isa = PBXGroup;
			children = (
				9C04E2751D948C520012EAE0 /* FMDB */,
				9CA7DDBB1D57EAB50050B75D /* LFHeatMap */,
			);
			name = "ObjC Header files";
			sourceTree = "<group>";
		};
		9CEC196D1D77EA37006AEAB0 /* SPTimeAndDayKeyboard */ = {
			isa = PBXGroup;
			children = (
				9CEC196E1D77EA37006AEAB0 /* KeyboardViewController.swift */,
				9CEC19701D77EA37006AEAB0 /* Info.plist */,
			);
			path = SPTimeAndDayKeyboard;
			sourceTree = "<group>";
		};
		9CF750811D354F4F00000823 /* Utils */ = {
			isa = PBXGroup;
			children = (
				9CFEE3A71CDA6E6600CE5D53 /* SPConstants.swift */,
				9C5279C71CEB62B900AF88FF /* SPQuickGCD.swift */,
			);
			name = Utils;
			sourceTree = "<group>";
		};
		9CFEE36D1CDA6D7900CE5D53 = {
			isa = PBXGroup;
			children = (
				9CFEE3781CDA6D7900CE5D53 /* SwoopParkingApp */,
				9CFEE38D1CDA6D7A00CE5D53 /* SwoopParkingAppTests */,
				9CFEE3981CDA6D7A00CE5D53 /* SwoopParkingAppUITests */,
				9CEC196D1D77EA37006AEAB0 /* SPTimeAndDayKeyboard */,
				9CFEE3771CDA6D7900CE5D53 /* Products */,
				02FD136995ED7A2E0F6ECFA1 /* Frameworks */,
				8C2F48E909083423E5DE808A /* Pods */,
			);
			sourceTree = "<group>";
		};
		9CFEE3771CDA6D7900CE5D53 /* Products */ = {
			isa = PBXGroup;
			children = (
				9CFEE3761CDA6D7900CE5D53 /* Swoop!.app */,
				9CFEE38A1CDA6D7A00CE5D53 /* SwoopParkingAppTests.xctest */,
				9CFEE3951CDA6D7A00CE5D53 /* SwoopParkingAppUITests.xctest */,
			);
			name = Products;
			sourceTree = "<group>";
		};
		9CFEE3781CDA6D7900CE5D53 /* SwoopParkingApp */ = {
			isa = PBXGroup;
			children = (
				9CFEE3791CDA6D7900CE5D53 /* AppDelegate.swift */,
				9C42DAB61D5A6A63004ECA97 /* Model */,
				9C42DAB51D5A6A47004ECA97 /* Views */,
				9C42DAB41D5A6A37004ECA97 /* Controller */,
				9C04E2711D9028540012EAE0 /* DataAccessLayer */,
				9CF750811D354F4F00000823 /* Utils */,
				9C04E2731D93FC6A0012EAE0 /* SPProtocols.swift */,
				9CFEE3801CDA6D7A00CE5D53 /* Assets.xcassets */,
				9C45030C1DDA390F0047B708 /* ParkingGuidelines */,
				9C1A86CA1DA586C900DAD930 /* Main.storyboard */,
				9CFEE3821CDA6D7A00CE5D53 /* LaunchScreen.storyboard */,
				9CFEE3851CDA6D7A00CE5D53 /* Info.plist */,
				9CBE25BC1D552BFA00B5384B /* SwoopParkingApp-Bridging-Header.h */,
				9C4503041DD8D6480047B708 /* Resources */,
				9CA7DDC31D57EAC90050B75D /* ObjC Header files */,
			);
			path = SwoopParkingApp;
			sourceTree = "<group>";
		};
		9CFEE38D1CDA6D7A00CE5D53 /* SwoopParkingAppTests */ = {
			isa = PBXGroup;
			children = (
				9CFEE38E1CDA6D7A00CE5D53 /* SwoopParkingAppTests.swift */,
				9C14BA741DA1D1E200441E84 /* TimeAndDayExtensionUnitTest.swift */,
				9CFEE3901CDA6D7A00CE5D53 /* Info.plist */,
			);
			path = SwoopParkingAppTests;
			sourceTree = "<group>";
		};
		9CFEE3981CDA6D7A00CE5D53 /* SwoopParkingAppUITests */ = {
			isa = PBXGroup;
			children = (
				9CFEE3991CDA6D7A00CE5D53 /* SwoopParkingAppUITests.swift */,
				9CFEE39B1CDA6D7A00CE5D53 /* Info.plist */,
			);
			path = SwoopParkingAppUITests;
			sourceTree = "<group>";
		};
/* End PBXGroup section */

/* Begin PBXNativeTarget section */
		9CFEE3751CDA6D7900CE5D53 /* Swoop! */ = {
			isa = PBXNativeTarget;
			buildConfigurationList = 9CFEE39E1CDA6D7A00CE5D53 /* Build configuration list for PBXNativeTarget "Swoop!" */;
			buildPhases = (
				3BC7A1948F41896105A49D91 /* [CP] Check Pods Manifest.lock */,
				9CFEE3721CDA6D7900CE5D53 /* Sources */,
				9CFEE3731CDA6D7900CE5D53 /* Frameworks */,
				9CFEE3741CDA6D7900CE5D53 /* Resources */,
				6F194348258B439909E3DB6F /* [CP] Embed Pods Frameworks */,
				4DA3F7AAB988456A1A8AFA32 /* [CP] Copy Pods Resources */,
				9CEC19771D77EA38006AEAB0 /* Embed App Extensions */,
			);
			buildRules = (
			);
			dependencies = (
			);
			name = "Swoop!";
			productName = SwoopParkingApp;
			productReference = 9CFEE3761CDA6D7900CE5D53 /* Swoop!.app */;
			productType = "com.apple.product-type.application";
		};
		9CFEE3891CDA6D7A00CE5D53 /* SwoopParkingAppTests */ = {
			isa = PBXNativeTarget;
			buildConfigurationList = 9CFEE3A11CDA6D7A00CE5D53 /* Build configuration list for PBXNativeTarget "SwoopParkingAppTests" */;
			buildPhases = (
				B15293B34EF9DA219C90EFFE /* [CP] Check Pods Manifest.lock */,
				9CFEE3861CDA6D7A00CE5D53 /* Sources */,
				9CFEE3871CDA6D7A00CE5D53 /* Frameworks */,
				9CFEE3881CDA6D7A00CE5D53 /* Resources */,
				45930C0BA9641E99A202A6F5 /* [CP] Embed Pods Frameworks */,
				217BC23793C88FF7F3A77112 /* [CP] Copy Pods Resources */,
			);
			buildRules = (
			);
			dependencies = (
				9CFEE38C1CDA6D7A00CE5D53 /* PBXTargetDependency */,
			);
			name = SwoopParkingAppTests;
			productName = SwoopParkingAppTests;
			productReference = 9CFEE38A1CDA6D7A00CE5D53 /* SwoopParkingAppTests.xctest */;
			productType = "com.apple.product-type.bundle.unit-test";
		};
		9CFEE3941CDA6D7A00CE5D53 /* SwoopParkingAppUITests */ = {
			isa = PBXNativeTarget;
			buildConfigurationList = 9CFEE3A41CDA6D7A00CE5D53 /* Build configuration list for PBXNativeTarget "SwoopParkingAppUITests" */;
			buildPhases = (
				49CC9640BB68F38B2DA98389 /* [CP] Check Pods Manifest.lock */,
				9CFEE3911CDA6D7A00CE5D53 /* Sources */,
				9CFEE3921CDA6D7A00CE5D53 /* Frameworks */,
				9CFEE3931CDA6D7A00CE5D53 /* Resources */,
				2B90829C5692AE88D3705057 /* [CP] Copy Pods Resources */,
				FC6C8943442193518BC8674B /* [CP] Embed Pods Frameworks */,
			);
			buildRules = (
			);
			dependencies = (
				9CFEE3971CDA6D7A00CE5D53 /* PBXTargetDependency */,
			);
			name = SwoopParkingAppUITests;
			productName = SwoopParkingAppUITests;
			productReference = 9CFEE3951CDA6D7A00CE5D53 /* SwoopParkingAppUITests.xctest */;
			productType = "com.apple.product-type.bundle.ui-testing";
		};
/* End PBXNativeTarget section */

/* Begin PBXProject section */
		9CFEE36E1CDA6D7900CE5D53 /* Project object */ = {
			isa = PBXProject;
			attributes = {
				LastSwiftUpdateCheck = 0730;
				LastUpgradeCheck = 0810;
				ORGANIZATIONNAME = "Daniel Nomura";
				TargetAttributes = {
					9CFEE3751CDA6D7900CE5D53 = {
						CreatedOnToolsVersion = 7.0.1;
						DevelopmentTeam = WLAW6CTQBE;
						LastSwiftMigration = 0810;
						ProvisioningStyle = Automatic;
						SystemCapabilities = {
							com.apple.InAppPurchase = {
								enabled = 1;
							};
						};
					};
					9CFEE3891CDA6D7A00CE5D53 = {
						CreatedOnToolsVersion = 7.0.1;
						LastSwiftMigration = 0810;
						TestTargetID = 9CFEE3751CDA6D7900CE5D53;
					};
					9CFEE3941CDA6D7A00CE5D53 = {
						CreatedOnToolsVersion = 7.0.1;
						LastSwiftMigration = 0810;
						TestTargetID = 9CFEE3751CDA6D7900CE5D53;
					};
				};
			};
			buildConfigurationList = 9CFEE3711CDA6D7900CE5D53 /* Build configuration list for PBXProject "SwoopParkingApp" */;
			compatibilityVersion = "Xcode 3.2";
			developmentRegion = English;
			hasScannedForEncodings = 0;
			knownRegions = (
				en,
				Base,
			);
			mainGroup = 9CFEE36D1CDA6D7900CE5D53;
			productRefGroup = 9CFEE3771CDA6D7900CE5D53 /* Products */;
			projectDirPath = "";
			projectRoot = "";
			targets = (
				9CFEE3751CDA6D7900CE5D53 /* Swoop! */,
				9CFEE3891CDA6D7A00CE5D53 /* SwoopParkingAppTests */,
				9CFEE3941CDA6D7A00CE5D53 /* SwoopParkingAppUITests */,
			);
		};
/* End PBXProject section */

/* Begin PBXResourcesBuildPhase section */
		9CFEE3741CDA6D7900CE5D53 /* Resources */ = {
			isa = PBXResourcesBuildPhase;
			buildActionMask = 2147483647;
			files = (
				9CFEE3841CDA6D7A00CE5D53 /* LaunchScreen.storyboard in Resources */,
				9C431BAC1DE4C1E1000B9C66 /* How it works.pdf in Resources */,
				9C431BAD1DE4C1E1000B9C66 /* Parking holidays.pdf in Resources */,
				9C431BB41DEFACFC000B9C66 /* Disclaimer.pdf in Resources */,
				9C170D321DAD325D006CA0E2 /* swoop-sqlite-no-FTS.db in Resources */,
				9C4503031DD8D6420047B708 /* comesinhandy.ttf in Resources */,
				9C431BAE1DE4C1E1000B9C66 /* Parking tips.pdf in Resources */,
				9CFEE3811CDA6D7A00CE5D53 /* Assets.xcassets in Resources */,
				9C1A86C81DA586C900DAD930 /* Main.storyboard in Resources */,
				9C1CA59F1DA8125B00EB875F /* SPSignInfoOverlay.xib in Resources */,
			);
			runOnlyForDeploymentPostprocessing = 0;
		};
		9CFEE3881CDA6D7A00CE5D53 /* Resources */ = {
			isa = PBXResourcesBuildPhase;
			buildActionMask = 2147483647;
			files = (
			);
			runOnlyForDeploymentPostprocessing = 0;
		};
		9CFEE3931CDA6D7A00CE5D53 /* Resources */ = {
			isa = PBXResourcesBuildPhase;
			buildActionMask = 2147483647;
			files = (
			);
			runOnlyForDeploymentPostprocessing = 0;
		};
/* End PBXResourcesBuildPhase section */

/* Begin PBXShellScriptBuildPhase section */
		217BC23793C88FF7F3A77112 /* [CP] Copy Pods Resources */ = {
			isa = PBXShellScriptBuildPhase;
			buildActionMask = 2147483647;
			files = (
			);
			inputPaths = (
			);
			name = "[CP] Copy Pods Resources";
			outputPaths = (
			);
			runOnlyForDeploymentPostprocessing = 0;
			shellPath = /bin/sh;
			shellScript = "\"${SRCROOT}/Pods/Target Support Files/Pods-SwoopParkingAppTests/Pods-SwoopParkingAppTests-resources.sh\"\n";
			showEnvVarsInLog = 0;
		};
		2B90829C5692AE88D3705057 /* [CP] Copy Pods Resources */ = {
			isa = PBXShellScriptBuildPhase;
			buildActionMask = 2147483647;
			files = (
			);
			inputPaths = (
			);
			name = "[CP] Copy Pods Resources";
			outputPaths = (
			);
			runOnlyForDeploymentPostprocessing = 0;
			shellPath = /bin/sh;
			shellScript = "\"${SRCROOT}/Pods/Target Support Files/Pods-SwoopParkingAppUITests/Pods-SwoopParkingAppUITests-resources.sh\"\n";
			showEnvVarsInLog = 0;
		};
		3BC7A1948F41896105A49D91 /* [CP] Check Pods Manifest.lock */ = {
			isa = PBXShellScriptBuildPhase;
			buildActionMask = 2147483647;
			files = (
			);
			inputPaths = (
			);
			name = "[CP] Check Pods Manifest.lock";
			outputPaths = (
			);
			runOnlyForDeploymentPostprocessing = 0;
			shellPath = /bin/sh;
			shellScript = "diff \"${PODS_ROOT}/../Podfile.lock\" \"${PODS_ROOT}/Manifest.lock\" > /dev/null\nif [ $? != 0 ] ; then\n    # print error to STDERR\n    echo \"error: The sandbox is not in sync with the Podfile.lock. Run 'pod install' or update your CocoaPods installation.\" >&2\n    exit 1\nfi\n";
			showEnvVarsInLog = 0;
		};
		45930C0BA9641E99A202A6F5 /* [CP] Embed Pods Frameworks */ = {
			isa = PBXShellScriptBuildPhase;
			buildActionMask = 2147483647;
			files = (
			);
			inputPaths = (
			);
			name = "[CP] Embed Pods Frameworks";
			outputPaths = (
			);
			runOnlyForDeploymentPostprocessing = 0;
			shellPath = /bin/sh;
			shellScript = "\"${SRCROOT}/Pods/Target Support Files/Pods-SwoopParkingAppTests/Pods-SwoopParkingAppTests-frameworks.sh\"\n";
			showEnvVarsInLog = 0;
		};
		49CC9640BB68F38B2DA98389 /* [CP] Check Pods Manifest.lock */ = {
			isa = PBXShellScriptBuildPhase;
			buildActionMask = 2147483647;
			files = (
			);
			inputPaths = (
			);
			name = "[CP] Check Pods Manifest.lock";
			outputPaths = (
			);
			runOnlyForDeploymentPostprocessing = 0;
			shellPath = /bin/sh;
			shellScript = "diff \"${PODS_ROOT}/../Podfile.lock\" \"${PODS_ROOT}/Manifest.lock\" > /dev/null\nif [ $? != 0 ] ; then\n    # print error to STDERR\n    echo \"error: The sandbox is not in sync with the Podfile.lock. Run 'pod install' or update your CocoaPods installation.\" >&2\n    exit 1\nfi\n";
			showEnvVarsInLog = 0;
		};
		4DA3F7AAB988456A1A8AFA32 /* [CP] Copy Pods Resources */ = {
			isa = PBXShellScriptBuildPhase;
			buildActionMask = 2147483647;
			files = (
			);
			inputPaths = (
			);
			name = "[CP] Copy Pods Resources";
			outputPaths = (
			);
			runOnlyForDeploymentPostprocessing = 0;
			shellPath = /bin/sh;
			shellScript = "\"${SRCROOT}/Pods/Target Support Files/Pods-SwoopParkingApp/Pods-SwoopParkingApp-resources.sh\"\n";
			showEnvVarsInLog = 0;
		};
		6F194348258B439909E3DB6F /* [CP] Embed Pods Frameworks */ = {
			isa = PBXShellScriptBuildPhase;
			buildActionMask = 2147483647;
			files = (
			);
			inputPaths = (
			);
			name = "[CP] Embed Pods Frameworks";
			outputPaths = (
			);
			runOnlyForDeploymentPostprocessing = 0;
			shellPath = /bin/sh;
			shellScript = "\"${SRCROOT}/Pods/Target Support Files/Pods-SwoopParkingApp/Pods-SwoopParkingApp-frameworks.sh\"\n";
			showEnvVarsInLog = 0;
		};
		B15293B34EF9DA219C90EFFE /* [CP] Check Pods Manifest.lock */ = {
			isa = PBXShellScriptBuildPhase;
			buildActionMask = 2147483647;
			files = (
			);
			inputPaths = (
			);
			name = "[CP] Check Pods Manifest.lock";
			outputPaths = (
			);
			runOnlyForDeploymentPostprocessing = 0;
			shellPath = /bin/sh;
			shellScript = "diff \"${PODS_ROOT}/../Podfile.lock\" \"${PODS_ROOT}/Manifest.lock\" > /dev/null\nif [ $? != 0 ] ; then\n    # print error to STDERR\n    echo \"error: The sandbox is not in sync with the Podfile.lock. Run 'pod install' or update your CocoaPods installation.\" >&2\n    exit 1\nfi\n";
			showEnvVarsInLog = 0;
		};
		FC6C8943442193518BC8674B /* [CP] Embed Pods Frameworks */ = {
			isa = PBXShellScriptBuildPhase;
			buildActionMask = 2147483647;
			files = (
			);
			inputPaths = (
			);
			name = "[CP] Embed Pods Frameworks";
			outputPaths = (
			);
			runOnlyForDeploymentPostprocessing = 0;
			shellPath = /bin/sh;
			shellScript = "\"${SRCROOT}/Pods/Target Support Files/Pods-SwoopParkingAppUITests/Pods-SwoopParkingAppUITests-frameworks.sh\"\n";
			showEnvVarsInLog = 0;
		};
/* End PBXShellScriptBuildPhase section */

/* Begin PBXSourcesBuildPhase section */
		9CFEE3721CDA6D7900CE5D53 /* Sources */ = {
			isa = PBXSourcesBuildPhase;
			buildActionMask = 2147483647;
			files = (
				9C9D62791E24DEA20019261E /* CityAndStreetToolbar.swift in Sources */,
				9CBE25BB1D552BD500B5384B /* SPSQLiteReader.swift in Sources */,
				9CD51DC91CE24662006B741D /* SPSignAndLocationParser.swift in Sources */,
				9CFEE37C1CDA6D7900CE5D53 /* SPMapViewController.swift in Sources */,
				9C04E2831D948C520012EAE0 /* FMDatabasePool.m in Sources */,
				9C04E2811D948C520012EAE0 /* FMDatabase.m in Sources */,
				9C215D9C1D6652D9006C1E3E /* SPTimeAndDayViewController.swift in Sources */,
				9C96EE901D625EC4007C4EC8 /* SPViewControllerExtension.swift in Sources */,
				9C1CA5A11DA8130D00EB875F /* SPSignInfoOverlay.swift in Sources */,
				9C1CA5A31DA83FB800EB875F /* SPGoogleNetworkingObject.swift in Sources */,
				9CA7DDC51D590BEF0050B75D /* SPGroundOverlayManager.swift in Sources */,
				9C45030B1DDA1AE70047B708 /* ViewExtensions.swift in Sources */,
				9C04E2821D948C520012EAE0 /* FMDatabaseAdditions.m in Sources */,
				9CA7DDC11D57EAB50050B75D /* LFHeatMap-dummy.m in Sources */,
				9CFEE37A1CDA6D7900CE5D53 /* AppDelegate.swift in Sources */,
				9C61F0B11D7496DC00BA524C /* SPGoogleNetworking.swift in Sources */,
				9C45031E1DDA3FAC0047B708 /* WebViewController.swift in Sources */,
				9CA7DDC21D57EAB50050B75D /* LFHeatMap.m in Sources */,
				9C5279C81CEB62B900AF88FF /* SPQuickGCD.swift in Sources */,
				9C1A86C71DA5517E00DAD930 /* SPMainViewController.swift in Sources */,
				9CFF46E71D501FBE00504407 /* SPPolylineManager.swift in Sources */,
				9CC46A131D2EAFE500AC0717 /* SPLambdaManager.swift in Sources */,
				9CFEE3A81CDA6E6600CE5D53 /* SPConstants.swift in Sources */,
				9C04E2841D948C520012EAE0 /* FMDatabaseQueue.m in Sources */,
				9C617EF51D51BF5100FFA51A /* SPTileLayerManager.swift in Sources */,
				9C04E2851D948C520012EAE0 /* FMResultSet.m in Sources */,
				9C4503081DD936D60047B708 /* MoreViewController.swift in Sources */,
				9CBBB4681D5CD19D00AE1511 /* SPTimeAndDay.swift in Sources */,
				9C4DCF531D6E01F30060EEBF /* SPSignAndLocation.swift in Sources */,
				9CA64D9B1DD7821E0015A8F2 /* InjectableViewController.swift in Sources */,
				9C04E2741D93FC6A0012EAE0 /* SPProtocols.swift in Sources */,
				9C42DAB31D5A589E004ECA97 /* SPDataAccessObject.swift in Sources */,
				9C61F0B51D7608CC00BA524C /* SPSearchResultsViewController.swift in Sources */,
			);
			runOnlyForDeploymentPostprocessing = 0;
		};
		9CFEE3861CDA6D7A00CE5D53 /* Sources */ = {
			isa = PBXSourcesBuildPhase;
			buildActionMask = 2147483647;
			files = (
				9CFEE38F1CDA6D7A00CE5D53 /* SwoopParkingAppTests.swift in Sources */,
				9C14BA751DA1D1E200441E84 /* TimeAndDayExtensionUnitTest.swift in Sources */,
			);
			runOnlyForDeploymentPostprocessing = 0;
		};
		9CFEE3911CDA6D7A00CE5D53 /* Sources */ = {
			isa = PBXSourcesBuildPhase;
			buildActionMask = 2147483647;
			files = (
				9CFEE39A1CDA6D7A00CE5D53 /* SwoopParkingAppUITests.swift in Sources */,
			);
			runOnlyForDeploymentPostprocessing = 0;
		};
/* End PBXSourcesBuildPhase section */

/* Begin PBXTargetDependency section */
		9CFEE38C1CDA6D7A00CE5D53 /* PBXTargetDependency */ = {
			isa = PBXTargetDependency;
			target = 9CFEE3751CDA6D7900CE5D53 /* Swoop! */;
			targetProxy = 9CFEE38B1CDA6D7A00CE5D53 /* PBXContainerItemProxy */;
		};
		9CFEE3971CDA6D7A00CE5D53 /* PBXTargetDependency */ = {
			isa = PBXTargetDependency;
			target = 9CFEE3751CDA6D7900CE5D53 /* Swoop! */;
			targetProxy = 9CFEE3961CDA6D7A00CE5D53 /* PBXContainerItemProxy */;
		};
/* End PBXTargetDependency section */

/* Begin PBXVariantGroup section */
		9C1A86CA1DA586C900DAD930 /* Main.storyboard */ = {
			isa = PBXVariantGroup;
			children = (
				9C1A86CB1DA5872000DAD930 /* Base */,
			);
			name = Main.storyboard;
			sourceTree = "<group>";
		};
		9CFEE3821CDA6D7A00CE5D53 /* LaunchScreen.storyboard */ = {
			isa = PBXVariantGroup;
			children = (
				9CFEE3831CDA6D7A00CE5D53 /* Base */,
			);
			name = LaunchScreen.storyboard;
			sourceTree = "<group>";
		};
/* End PBXVariantGroup section */

/* Begin XCBuildConfiguration section */
		9CFEE39C1CDA6D7A00CE5D53 /* Debug */ = {
			isa = XCBuildConfiguration;
			buildSettings = {
				ALWAYS_EMBED_SWIFT_STANDARD_LIBRARIES = YES;
				ALWAYS_SEARCH_USER_PATHS = NO;
				CLANG_CXX_LANGUAGE_STANDARD = "gnu++0x";
				CLANG_CXX_LIBRARY = "libc++";
				CLANG_ENABLE_MODULES = YES;
				CLANG_ENABLE_OBJC_ARC = YES;
				CLANG_WARN_BOOL_CONVERSION = YES;
				CLANG_WARN_CONSTANT_CONVERSION = YES;
				CLANG_WARN_DIRECT_OBJC_ISA_USAGE = YES_ERROR;
				CLANG_WARN_EMPTY_BODY = YES;
				CLANG_WARN_ENUM_CONVERSION = YES;
				CLANG_WARN_INFINITE_RECURSION = YES;
				CLANG_WARN_INT_CONVERSION = YES;
				CLANG_WARN_OBJC_ROOT_CLASS = YES_ERROR;
				CLANG_WARN_SUSPICIOUS_MOVE = YES;
				CLANG_WARN_UNREACHABLE_CODE = YES;
				CLANG_WARN__DUPLICATE_METHOD_MATCH = YES;
				CODE_SIGN_IDENTITY = "";
				"CODE_SIGN_IDENTITY[sdk=iphoneos*]" = "iPhone Developer";
				COPY_PHASE_STRIP = NO;
				DEBUG_INFORMATION_FORMAT = dwarf;
				ENABLE_STRICT_OBJC_MSGSEND = YES;
				ENABLE_TESTABILITY = YES;
				FRAMEWORK_SEARCH_PATHS = "$(inherited)";
				"FRAMEWORK_SEARCH_PATHS[arch=*]" = "$(inherited)";
				GCC_C_LANGUAGE_STANDARD = gnu99;
				GCC_DYNAMIC_NO_PIC = NO;
				GCC_NO_COMMON_BLOCKS = YES;
				GCC_OPTIMIZATION_LEVEL = 0;
				GCC_PREPROCESSOR_DEFINITIONS = (
					"DEBUG=1",
					"$(inherited)",
				);
				GCC_WARN_64_TO_32_BIT_CONVERSION = YES;
				GCC_WARN_ABOUT_RETURN_TYPE = YES_ERROR;
				GCC_WARN_UNDECLARED_SELECTOR = YES;
				GCC_WARN_UNINITIALIZED_AUTOS = YES_AGGRESSIVE;
				GCC_WARN_UNUSED_FUNCTION = YES;
				GCC_WARN_UNUSED_VARIABLE = YES;
				IPHONEOS_DEPLOYMENT_TARGET = 9.3;
				MTL_ENABLE_DEBUG_INFO = YES;
				ONLY_ACTIVE_ARCH = YES;
				SDKROOT = iphoneos;
				SWIFT_OPTIMIZATION_LEVEL = "-Onone";
				TARGETED_DEVICE_FAMILY = "1,2";
			};
			name = Debug;
		};
		9CFEE39D1CDA6D7A00CE5D53 /* Release */ = {
			isa = XCBuildConfiguration;
			buildSettings = {
				ALWAYS_EMBED_SWIFT_STANDARD_LIBRARIES = YES;
				ALWAYS_SEARCH_USER_PATHS = NO;
				CLANG_CXX_LANGUAGE_STANDARD = "gnu++0x";
				CLANG_CXX_LIBRARY = "libc++";
				CLANG_ENABLE_MODULES = YES;
				CLANG_ENABLE_OBJC_ARC = YES;
				CLANG_WARN_BOOL_CONVERSION = YES;
				CLANG_WARN_CONSTANT_CONVERSION = YES;
				CLANG_WARN_DIRECT_OBJC_ISA_USAGE = YES_ERROR;
				CLANG_WARN_EMPTY_BODY = YES;
				CLANG_WARN_ENUM_CONVERSION = YES;
				CLANG_WARN_INFINITE_RECURSION = YES;
				CLANG_WARN_INT_CONVERSION = YES;
				CLANG_WARN_OBJC_ROOT_CLASS = YES_ERROR;
				CLANG_WARN_SUSPICIOUS_MOVE = YES;
				CLANG_WARN_UNREACHABLE_CODE = YES;
				CLANG_WARN__DUPLICATE_METHOD_MATCH = YES;
				CODE_SIGN_IDENTITY = "";
				"CODE_SIGN_IDENTITY[sdk=iphoneos*]" = "iPhone Developer";
				COPY_PHASE_STRIP = NO;
				DEBUG_INFORMATION_FORMAT = "dwarf-with-dsym";
				ENABLE_NS_ASSERTIONS = NO;
				ENABLE_STRICT_OBJC_MSGSEND = YES;
				FRAMEWORK_SEARCH_PATHS = "$(inherited)";
				"FRAMEWORK_SEARCH_PATHS[arch=*]" = "$(inherited)";
				GCC_C_LANGUAGE_STANDARD = gnu99;
				GCC_NO_COMMON_BLOCKS = YES;
				GCC_WARN_64_TO_32_BIT_CONVERSION = YES;
				GCC_WARN_ABOUT_RETURN_TYPE = YES_ERROR;
				GCC_WARN_UNDECLARED_SELECTOR = YES;
				GCC_WARN_UNINITIALIZED_AUTOS = YES_AGGRESSIVE;
				GCC_WARN_UNUSED_FUNCTION = YES;
				GCC_WARN_UNUSED_VARIABLE = YES;
				IPHONEOS_DEPLOYMENT_TARGET = 9.3;
				MTL_ENABLE_DEBUG_INFO = NO;
				SDKROOT = iphoneos;
				SWIFT_OPTIMIZATION_LEVEL = "-Owholemodule";
				TARGETED_DEVICE_FAMILY = "1,2";
				VALIDATE_PRODUCT = YES;
			};
			name = Release;
		};
		9CFEE39F1CDA6D7A00CE5D53 /* Debug */ = {
			isa = XCBuildConfiguration;
			baseConfigurationReference = 5ACFCA4B78275422A004D327 /* Pods-SwoopParkingApp.debug.xcconfig */;
			buildSettings = {
				ALWAYS_EMBED_SWIFT_STANDARD_LIBRARIES = "$(inherited)";
				ALWAYS_SEARCH_USER_PATHS = NO;
				ASSETCATALOG_COMPILER_APPICON_NAME = AppIcon;
				CLANG_ENABLE_MODULES = YES;
				CODE_SIGN_IDENTITY = "iPhone Distribution: Daniel Nomura (WLAW6CTQBE)";
				"CODE_SIGN_IDENTITY[sdk=iphoneos*]" = "iPhone Developer";
				DEVELOPMENT_TEAM = "";
				FRAMEWORK_SEARCH_PATHS = "$(inherited)";
				"FRAMEWORK_SEARCH_PATHS[arch=*]" = "$(inherited)";
				INFOPLIST_FILE = SwoopParkingApp/Info.plist;
				IPHONEOS_DEPLOYMENT_TARGET = 9.0;
				LD_RUNPATH_SEARCH_PATHS = "$(inherited) @executable_path/Frameworks";
				LIBRARY_SEARCH_PATHS = "$(inherited)";
				PRODUCT_BUNDLE_IDENTIFIER = com.dnom.SwoopParkingApp;
				PRODUCT_NAME = "$(TARGET_NAME)";
				PROVISIONING_PROFILE = "";
				PROVISIONING_PROFILE_SPECIFIER = "";
				"PROVISIONING_PROFILE_SPECIFIER[sdk=*]" = "";
				SWIFT_OBJC_BRIDGING_HEADER = "SwoopParkingApp/SwoopParkingApp-Bridging-Header.h";
				SWIFT_OPTIMIZATION_LEVEL = "-Onone";
				SWIFT_VERSION = 3.0;
				WARNING_CFLAGS = "";
			};
			name = Debug;
		};
		9CFEE3A01CDA6D7A00CE5D53 /* Release */ = {
			isa = XCBuildConfiguration;
			baseConfigurationReference = 417B93AEFD2458765145BA97 /* Pods-SwoopParkingApp.release.xcconfig */;
			buildSettings = {
				ALWAYS_EMBED_SWIFT_STANDARD_LIBRARIES = "$(inherited)";
				ALWAYS_SEARCH_USER_PATHS = NO;
				ASSETCATALOG_COMPILER_APPICON_NAME = AppIcon;
				CLANG_ENABLE_MODULES = YES;
				CODE_SIGN_IDENTITY = "iPhone Distribution: Daniel Nomura (WLAW6CTQBE)";
				"CODE_SIGN_IDENTITY[sdk=iphoneos*]" = "iPhone Developer";
				DEVELOPMENT_TEAM = "";
				FRAMEWORK_SEARCH_PATHS = "$(inherited)";
				"FRAMEWORK_SEARCH_PATHS[arch=*]" = "$(inherited)";
				INFOPLIST_FILE = SwoopParkingApp/Info.plist;
				IPHONEOS_DEPLOYMENT_TARGET = 9.0;
				LD_RUNPATH_SEARCH_PATHS = "$(inherited) @executable_path/Frameworks";
				LIBRARY_SEARCH_PATHS = "$(inherited)";
				PRODUCT_BUNDLE_IDENTIFIER = com.dnom.SwoopParkingApp;
				PRODUCT_NAME = "$(TARGET_NAME)";
				PROVISIONING_PROFILE = "";
				PROVISIONING_PROFILE_SPECIFIER = "";
				SWIFT_OBJC_BRIDGING_HEADER = "SwoopParkingApp/SwoopParkingApp-Bridging-Header.h";
				SWIFT_VERSION = 3.0;
				WARNING_CFLAGS = "";
			};
			name = Release;
		};
		9CFEE3A21CDA6D7A00CE5D53 /* Debug */ = {
			isa = XCBuildConfiguration;
			baseConfigurationReference = 7D66304EE792B30A96F1D040 /* Pods-SwoopParkingAppTests.debug.xcconfig */;
			buildSettings = {
				BUNDLE_LOADER = "$(TEST_HOST)";
				FRAMEWORK_SEARCH_PATHS = (
					"$(inherited)",
					"$(PROJECT_DIR)/build/Debug-iphoneos/Quick",
					"$(PROJECT_DIR)/build/Debug-iphoneos/Nimble",
				);
				"FRAMEWORK_SEARCH_PATHS[arch=*]" = "$(inherited)";
				INFOPLIST_FILE = SwoopParkingAppTests/Info.plist;
				LD_RUNPATH_SEARCH_PATHS = "$(inherited) @executable_path/Frameworks @loader_path/Frameworks";
				OTHER_LDFLAGS = "$(inherited)";
				PRODUCT_BUNDLE_IDENTIFIER = dnom.SwoopParkingAppTests;
				PRODUCT_NAME = "$(TARGET_NAME)";
				SWIFT_VERSION = 3.0;
				TEST_HOST = "$(BUILT_PRODUCTS_DIR)/SwoopParkingApp.app/SwoopParkingApp";
			};
			name = Debug;
		};
		9CFEE3A31CDA6D7A00CE5D53 /* Release */ = {
			isa = XCBuildConfiguration;
			baseConfigurationReference = 0BB2DB28D5EC5A132C12ED1D /* Pods-SwoopParkingAppTests.release.xcconfig */;
			buildSettings = {
				BUNDLE_LOADER = "$(TEST_HOST)";
				FRAMEWORK_SEARCH_PATHS = (
					"$(inherited)",
					"$(PROJECT_DIR)/build/Debug-iphoneos/Quick",
					"$(PROJECT_DIR)/build/Debug-iphoneos/Nimble",
				);
				"FRAMEWORK_SEARCH_PATHS[arch=*]" = "$(inherited)";
				INFOPLIST_FILE = SwoopParkingAppTests/Info.plist;
				LD_RUNPATH_SEARCH_PATHS = "$(inherited) @executable_path/Frameworks @loader_path/Frameworks";
				OTHER_LDFLAGS = "$(inherited)";
				PRODUCT_BUNDLE_IDENTIFIER = dnom.SwoopParkingAppTests;
				PRODUCT_NAME = "$(TARGET_NAME)";
				SWIFT_VERSION = 3.0;
				TEST_HOST = "$(BUILT_PRODUCTS_DIR)/SwoopParkingApp.app/SwoopParkingApp";
			};
			name = Release;
		};
		9CFEE3A51CDA6D7A00CE5D53 /* Debug */ = {
			isa = XCBuildConfiguration;
			baseConfigurationReference = 8DD17FCDFEF8590FE3084C2F /* Pods-SwoopParkingAppUITests.debug.xcconfig */;
			buildSettings = {
				FRAMEWORK_SEARCH_PATHS = (
					"$(inherited)",
					"$(PROJECT_DIR)/build/Debug-iphoneos/Nimble",
					"$(PROJECT_DIR)/build/Debug-iphoneos/Quick",
				);
				"FRAMEWORK_SEARCH_PATHS[arch=*]" = "$(inherited)";
				INFOPLIST_FILE = SwoopParkingAppUITests/Info.plist;
				LD_RUNPATH_SEARCH_PATHS = "$(inherited) @executable_path/Frameworks @loader_path/Frameworks";
				PRODUCT_BUNDLE_IDENTIFIER = dnom.SwoopParkingAppUITests;
				PRODUCT_NAME = "$(TARGET_NAME)";
				SWIFT_VERSION = 3.0;
				TEST_TARGET_NAME = SwoopParkingApp;
				USES_XCTRUNNER = YES;
			};
			name = Debug;
		};
		9CFEE3A61CDA6D7A00CE5D53 /* Release */ = {
			isa = XCBuildConfiguration;
			baseConfigurationReference = 5F09458C3C36D37C0F51E155 /* Pods-SwoopParkingAppUITests.release.xcconfig */;
			buildSettings = {
				FRAMEWORK_SEARCH_PATHS = (
					"$(inherited)",
					"$(PROJECT_DIR)/build/Debug-iphoneos/Nimble",
					"$(PROJECT_DIR)/build/Debug-iphoneos/Quick",
				);
				"FRAMEWORK_SEARCH_PATHS[arch=*]" = "$(inherited)";
				INFOPLIST_FILE = SwoopParkingAppUITests/Info.plist;
				LD_RUNPATH_SEARCH_PATHS = "$(inherited) @executable_path/Frameworks @loader_path/Frameworks";
				PRODUCT_BUNDLE_IDENTIFIER = dnom.SwoopParkingAppUITests;
				PRODUCT_NAME = "$(TARGET_NAME)";
				SWIFT_VERSION = 3.0;
				TEST_TARGET_NAME = SwoopParkingApp;
				USES_XCTRUNNER = YES;
			};
			name = Release;
		};
/* End XCBuildConfiguration section */

/* Begin XCConfigurationList section */
		9CFEE3711CDA6D7900CE5D53 /* Build configuration list for PBXProject "SwoopParkingApp" */ = {
			isa = XCConfigurationList;
			buildConfigurations = (
				9CFEE39C1CDA6D7A00CE5D53 /* Debug */,
				9CFEE39D1CDA6D7A00CE5D53 /* Release */,
			);
			defaultConfigurationIsVisible = 0;
			defaultConfigurationName = Release;
		};
		9CFEE39E1CDA6D7A00CE5D53 /* Build configuration list for PBXNativeTarget "Swoop!" */ = {
			isa = XCConfigurationList;
			buildConfigurations = (
				9CFEE39F1CDA6D7A00CE5D53 /* Debug */,
				9CFEE3A01CDA6D7A00CE5D53 /* Release */,
			);
			defaultConfigurationIsVisible = 0;
			defaultConfigurationName = Release;
		};
		9CFEE3A11CDA6D7A00CE5D53 /* Build configuration list for PBXNativeTarget "SwoopParkingAppTests" */ = {
			isa = XCConfigurationList;
			buildConfigurations = (
				9CFEE3A21CDA6D7A00CE5D53 /* Debug */,
				9CFEE3A31CDA6D7A00CE5D53 /* Release */,
			);
			defaultConfigurationIsVisible = 0;
			defaultConfigurationName = Release;
		};
		9CFEE3A41CDA6D7A00CE5D53 /* Build configuration list for PBXNativeTarget "SwoopParkingAppUITests" */ = {
			isa = XCConfigurationList;
			buildConfigurations = (
				9CFEE3A51CDA6D7A00CE5D53 /* Debug */,
				9CFEE3A61CDA6D7A00CE5D53 /* Release */,
			);
			defaultConfigurationIsVisible = 0;
			defaultConfigurationName = Release;
		};
/* End XCConfigurationList section */
	};
	rootObject = 9CFEE36E1CDA6D7900CE5D53 /* Project object */;
}
